
Microsoft Visual Studio Solution File, Format Version 12.00
# Visual Studio 15
VisualStudioVersion = 15.0.27703.2000
MinimumVisualStudioVersion = 10.0.40219.1
Project("{FAE04EC0-301F-11D3-BF4B-00C04F79EFBC}") = "Common", "Common\Common.csproj", "{89C74926-47D8-4F38-B33D-7A9CA8CB92CD}"
EndProject
Project("{FAE04EC0-301F-11D3-BF4B-00C04F79EFBC}") = "Protocol", "Protocol\Protocol.csproj", "{C230B483-6873-4FAD-BD51-807355C9BEEA}"
EndProject
Project("{FAE04EC0-301F-11D3-BF4B-00C04F79EFBC}") = "Automation", "Automation\Automation.csproj", "{D70FC89C-1D57-49CC-9C28-B9628B12AA16}"
EndProject
Global
	GlobalSection(SolutionConfigurationPlatforms) = preSolution
		Debug|Any CPU = Debug|Any CPU
		Debug|x86 = Debug|x86
		Release|Any CPU = Release|Any CPU
		Release|x86 = Release|x86
		SonarQube|Any CPU = SonarQube|Any CPU
		SonarQube|x86 = SonarQube|x86
		Test|Any CPU = Test|Any CPU
		Test|x86 = Test|x86
		Trigger Me|Any CPU = Trigger Me|Any CPU
		Trigger Me|x86 = Trigger Me|x86
	EndGlobalSection
	GlobalSection(ProjectConfigurationPlatforms) = postSolution
		{89C74926-47D8-4F38-B33D-7A9CA8CB92CD}.Debug|Any CPU.ActiveCfg = Debug|Any CPU
		{89C74926-47D8-4F38-B33D-7A9CA8CB92CD}.Debug|Any CPU.Build.0 = Debug|Any CPU
		{89C74926-47D8-4F38-B33D-7A9CA8CB92CD}.Debug|x86.ActiveCfg = Debug|Any CPU
		{89C74926-47D8-4F38-B33D-7A9CA8CB92CD}.Debug|x86.Build.0 = Debug|Any CPU
		{89C74926-47D8-4F38-B33D-7A9CA8CB92CD}.Release|Any CPU.ActiveCfg = Release|Any CPU
		{89C74926-47D8-4F38-B33D-7A9CA8CB92CD}.Release|Any CPU.Build.0 = Release|Any CPU
		{89C74926-47D8-4F38-B33D-7A9CA8CB92CD}.Release|x86.ActiveCfg = Release|Any CPU
		{89C74926-47D8-4F38-B33D-7A9CA8CB92CD}.Release|x86.Build.0 = Release|Any CPU
		{89C74926-47D8-4F38-B33D-7A9CA8CB92CD}.SonarQube|Any CPU.ActiveCfg = Release|Any CPU
		{89C74926-47D8-4F38-B33D-7A9CA8CB92CD}.SonarQube|Any CPU.Build.0 = Release|Any CPU
		{89C74926-47D8-4F38-B33D-7A9CA8CB92CD}.SonarQube|x86.ActiveCfg = Release|Any CPU
		{89C74926-47D8-4F38-B33D-7A9CA8CB92CD}.SonarQube|x86.Build.0 = Release|Any CPU
		{89C74926-47D8-4F38-B33D-7A9CA8CB92CD}.Test|Any CPU.ActiveCfg = Release|Any CPU
		{89C74926-47D8-4F38-B33D-7A9CA8CB92CD}.Test|Any CPU.Build.0 = Release|Any CPU
		{89C74926-47D8-4F38-B33D-7A9CA8CB92CD}.Test|x86.ActiveCfg = Release|Any CPU
		{89C74926-47D8-4F38-B33D-7A9CA8CB92CD}.Test|x86.Build.0 = Release|Any CPU
		{89C74926-47D8-4F38-B33D-7A9CA8CB92CD}.Trigger Me|Any CPU.ActiveCfg = Release|Any CPU
		{89C74926-47D8-4F38-B33D-7A9CA8CB92CD}.Trigger Me|Any CPU.Build.0 = Release|Any CPU
		{89C74926-47D8-4F38-B33D-7A9CA8CB92CD}.Trigger Me|x86.ActiveCfg = Release|Any CPU
		{89C74926-47D8-4F38-B33D-7A9CA8CB92CD}.Trigger Me|x86.Build.0 = Release|Any CPU
		{C230B483-6873-4FAD-BD51-807355C9BEEA}.Debug|Any CPU.ActiveCfg = Debug|Any CPU
		{C230B483-6873-4FAD-BD51-807355C9BEEA}.Debug|Any CPU.Build.0 = Debug|Any CPU
		{C230B483-6873-4FAD-BD51-807355C9BEEA}.Debug|x86.ActiveCfg = Debug|Any CPU
		{C230B483-6873-4FAD-BD51-807355C9BEEA}.Debug|x86.Build.0 = Debug|Any CPU
		{C230B483-6873-4FAD-BD51-807355C9BEEA}.Release|Any CPU.ActiveCfg = Release|Any CPU
		{C230B483-6873-4FAD-BD51-807355C9BEEA}.Release|Any CPU.Build.0 = Release|Any CPU
		{C230B483-6873-4FAD-BD51-807355C9BEEA}.Release|x86.ActiveCfg = Release|Any CPU
		{C230B483-6873-4FAD-BD51-807355C9BEEA}.Release|x86.Build.0 = Release|Any CPU
		{C230B483-6873-4FAD-BD51-807355C9BEEA}.SonarQube|Any CPU.ActiveCfg = Release|Any CPU
		{C230B483-6873-4FAD-BD51-807355C9BEEA}.SonarQube|Any CPU.Build.0 = Release|Any CPU
		{C230B483-6873-4FAD-BD51-807355C9BEEA}.SonarQube|x86.ActiveCfg = Release|Any CPU
		{C230B483-6873-4FAD-BD51-807355C9BEEA}.SonarQube|x86.Build.0 = Release|Any CPU
		{C230B483-6873-4FAD-BD51-807355C9BEEA}.Test|Any CPU.ActiveCfg = Release|Any CPU
		{C230B483-6873-4FAD-BD51-807355C9BEEA}.Test|Any CPU.Build.0 = Release|Any CPU
		{C230B483-6873-4FAD-BD51-807355C9BEEA}.Test|x86.ActiveCfg = Release|Any CPU
		{C230B483-6873-4FAD-BD51-807355C9BEEA}.Test|x86.Build.0 = Release|Any CPU
		{C230B483-6873-4FAD-BD51-807355C9BEEA}.Trigger Me|Any CPU.ActiveCfg = Release|Any CPU
		{C230B483-6873-4FAD-BD51-807355C9BEEA}.Trigger Me|Any CPU.Build.0 = Release|Any CPU
		{C230B483-6873-4FAD-BD51-807355C9BEEA}.Trigger Me|x86.ActiveCfg = Release|Any CPU
		{C230B483-6873-4FAD-BD51-807355C9BEEA}.Trigger Me|x86.Build.0 = Release|Any CPU
		{D70FC89C-1D57-49CC-9C28-B9628B12AA16}.Debug|Any CPU.ActiveCfg = Debug|Any CPU
		{D70FC89C-1D57-49CC-9C28-B9628B12AA16}.Debug|Any CPU.Build.0 = Debug|Any CPU
		{D70FC89C-1D57-49CC-9C28-B9628B12AA16}.Debug|x86.ActiveCfg = Debug|Any CPU
		{D70FC89C-1D57-49CC-9C28-B9628B12AA16}.Debug|x86.Build.0 = Debug|Any CPU
		{D70FC89C-1D57-49CC-9C28-B9628B12AA16}.Release|Any CPU.ActiveCfg = Release|Any CPU
		{D70FC89C-1D57-49CC-9C28-B9628B12AA16}.Release|Any CPU.Build.0 = Release|Any CPU
		{D70FC89C-1D57-49CC-9C28-B9628B12AA16}.Release|x86.ActiveCfg = Release|Any CPU
		{D70FC89C-1D57-49CC-9C28-B9628B12AA16}.Release|x86.Build.0 = Release|Any CPU
		{D70FC89C-1D57-49CC-9C28-B9628B12AA16}.SonarQube|Any CPU.ActiveCfg = Release|Any CPU
		{D70FC89C-1D57-49CC-9C28-B9628B12AA16}.SonarQube|Any CPU.Build.0 = Release|Any CPU
		{D70FC89C-1D57-49CC-9C28-B9628B12AA16}.SonarQube|x86.ActiveCfg = Release|Any CPU
		{D70FC89C-1D57-49CC-9C28-B9628B12AA16}.SonarQube|x86.Build.0 = Release|Any CPU
		{D70FC89C-1D57-49CC-9C28-B9628B12AA16}.Test|Any CPU.ActiveCfg = Release|Any CPU
		{D70FC89C-1D57-49CC-9C28-B9628B12AA16}.Test|Any CPU.Build.0 = Release|Any CPU
		{D70FC89C-1D57-49CC-9C28-B9628B12AA16}.Test|x86.ActiveCfg = Release|Any CPU
		{D70FC89C-1D57-49CC-9C28-B9628B12AA16}.Test|x86.Build.0 = Release|Any CPU
		{D70FC89C-1D57-49CC-9C28-B9628B12AA16}.Trigger Me|Any CPU.ActiveCfg = Release|Any CPU
		{D70FC89C-1D57-49CC-9C28-B9628B12AA16}.Trigger Me|Any CPU.Build.0 = Release|Any CPU
		{D70FC89C-1D57-49CC-9C28-B9628B12AA16}.Trigger Me|x86.ActiveCfg = Release|Any CPU
		{D70FC89C-1D57-49CC-9C28-B9628B12AA16}.Trigger Me|x86.Build.0 = Release|Any CPU
	EndGlobalSection
	GlobalSection(SolutionProperties) = preSolution
		HideSolutionNode = FALSE
	EndGlobalSection
	GlobalSection(ExtensibilityGlobals) = postSolution
		SolutionGuid = {70CA0E7F-612D-49FC-B500-97C68E507C17}
	EndGlobalSection
	GlobalSection(SubversionScc) = preSolution
		Svn-Managed = True
		Manager = AnkhSVN - Subversion Support for Visual Studio
	EndGlobalSection
EndGlobal
